Microsoft Visual Studio Solution File, Format Version 12.00
# Visual Studio 15
VisualStudioVersion = 15.0.27130.2026
MinimumVisualStudioVersion = 10.0.40219.1
Project("{FAE04EC0-301F-11D3-BF4B-00C04F79EFBC}") = "AstroShutter", "AstroShutter\AstroShutter.csproj", "{3F3853FA-28C2-40E3-A7EA-C1BF69C09AD5}"
EndProject
Project("{FAE04EC0-301F-11D3-BF4B-00C04F79EFBC}") = "AstroShutter.Gtk", "AstroShutter.Gtk\AstroShutter.Gtk.csproj", "{B9722B2B-D744-435C-81DA-2EBA5D1D4775}"
EndProject
Project("{FAE04EC0-301F-11D3-BF4B-00C04F79EFBC}") = "AstroShutter.Mac", "AstroShutter.Mac\AstroShutter.Mac.csproj", "{0B3EC98B-9118-4F31-B1F6-E97364290741}"
EndProject
Project("{FAE04EC0-301F-11D3-BF4B-00C04F79EFBC}") = "AstroShutter.Wpf", "AstroShutter.Wpf\AstroShutter.Wpf.csproj", "{641B9F16-E663-4BAA-84D5-B4AFDD019CE0}"
EndProject
Global
	GlobalSection(SolutionConfigurationPlatforms) = preSolution
		Debug|Any CPU = Debug|Any CPU
		Release|Any CPU = Release|Any CPU
	EndGlobalSection
	GlobalSection(ProjectConfigurationPlatforms) = postSolution
		{3F3853FA-28C2-40E3-A7EA-C1BF69C09AD5}.Debug|Any CPU.ActiveCfg = Debug|Any CPU
		{3F3853FA-28C2-40E3-A7EA-C1BF69C09AD5}.Debug|Any CPU.Build.0 = Debug|Any CPU
		{3F3853FA-28C2-40E3-A7EA-C1BF69C09AD5}.Release|Any CPU.ActiveCfg = Release|Any CPU
		{3F3853FA-28C2-40E3-A7EA-C1BF69C09AD5}.Release|Any CPU.Build.0 = Release|Any CPU
		{B9722B2B-D744-435C-81DA-2EBA5D1D4775}.Debug|Any CPU.ActiveCfg = Debug|Any CPU
		{B9722B2B-D744-435C-81DA-2EBA5D1D4775}.Debug|Any CPU.Build.0 = Debug|Any CPU
		{B9722B2B-D744-435C-81DA-2EBA5D1D4775}.Release|Any CPU.ActiveCfg = Release|Any CPU
		{B9722B2B-D744-435C-81DA-2EBA5D1D4775}.Release|Any CPU.Build.0 = Release|Any CPU
		{0B3EC98B-9118-4F31-B1F6-E97364290741}.Debug|Any CPU.ActiveCfg = Debug|Any CPU
		{0B3EC98B-9118-4F31-B1F6-E97364290741}.Debug|Any CPU.Build.0 = Debug|Any CPU
		{0B3EC98B-9118-4F31-B1F6-E97364290741}.Release|Any CPU.ActiveCfg = Release|Any CPU
		{0B3EC98B-9118-4F31-B1F6-E97364290741}.Release|Any CPU.Build.0 = Release|Any CPU
		{641B9F16-E663-4BAA-84D5-B4AFDD019CE0}.Debug|Any CPU.ActiveCfg = Debug|Any CPU
		{641B9F16-E663-4BAA-84D5-B4AFDD019CE0}.Debug|Any CPU.Build.0 = Debug|Any CPU
		{641B9F16-E663-4BAA-84D5-B4AFDD019CE0}.Release|Any CPU.ActiveCfg = Release|Any CPU
		{641B9F16-E663-4BAA-84D5-B4AFDD019CE0}.Release|Any CPU.Build.0 = Release|Any CPU
	EndGlobalSection
	GlobalSection(SolutionProperties) = preSolution
		HideSolutionNode = FALSE
	EndGlobalSection
	GlobalSection(ExtensibilityGlobals) = postSolution
		SolutionGuid = {47857121-F23B-4FD1-B3FD-23A0B03BB92D}
	EndGlobalSection
EndGlobal
